// !$*UTF8*$!
{
	archiveVersion = 1;
	classes = {
	};
	objectVersion = 56;
	objects = {

/* Begin PBXBuildFile section */
		112775802AAEFDEE00AAEDCB /* StoreKitTestCertificate.cer in Resources */ = {isa = PBXBuildFile; fileRef = 1127757F2AAEFDEE00AAEDCB /* StoreKitTestCertificate.cer */; };
		112775822AAF001200AAEDCB /* StoreKit.framework in Frameworks */ = {isa = PBXBuildFile; fileRef = 112775812AAF001200AAEDCB /* StoreKit.framework */; };
		113848D02AAB176900D5282B /* CustomGradientButton.swift in Sources */ = {isa = PBXBuildFile; fileRef = 113848CF2AAB176900D5282B /* CustomGradientButton.swift */; };
		113848D22AAB348800D5282B /* SecondHomeVC.swift in Sources */ = {isa = PBXBuildFile; fileRef = 113848D12AAB348800D5282B /* SecondHomeVC.swift */; };
		113DFF4D2AAC72860002F7C2 /* SongGenerationVC.swift in Sources */ = {isa = PBXBuildFile; fileRef = 113DFF4C2AAC72850002F7C2 /* SongGenerationVC.swift */; };
		113DFFCD2AAD0C66009F6EE6 /* SettingsVC.swift in Sources */ = {isa = PBXBuildFile; fileRef = 113DFFCC2AAD0C66009F6EE6 /* SettingsVC.swift */; };
		113DFFCF2AAD1F77009F6EE6 /* SongPlayingVC.swift in Sources */ = {isa = PBXBuildFile; fileRef = 113DFFCE2AAD1F77009F6EE6 /* SongPlayingVC.swift */; };
		113DFFD22AAD2273009F6EE6 /* AVFoundation.framework in Frameworks */ = {isa = PBXBuildFile; fileRef = 113DFFD12AAD2273009F6EE6 /* AVFoundation.framework */; };
		115227C12AB19E8A00E0216E /* Alamofire in Frameworks */ = {isa = PBXBuildFile; productRef = 115227C02AB19E8A00E0216E /* Alamofire */; };
		115227C32AB1A73B00E0216E /* VoicesModal.swift in Sources */ = {isa = PBXBuildFile; fileRef = 115227C22AB1A73B00E0216E /* VoicesModal.swift */; };
		115227C52AB1A80100E0216E /* VoicesCollectionView.swift in Sources */ = {isa = PBXBuildFile; fileRef = 115227C42AB1A80100E0216E /* VoicesCollectionView.swift */; };
		115227C72AB1A8A200E0216E /* VoicesCollectionViewCell.swift in Sources */ = {isa = PBXBuildFile; fileRef = 115227C62AB1A8A200E0216E /* VoicesCollectionViewCell.swift */; };
		115227CA2AB1C6F400E0216E /* Globals.swift in Sources */ = {isa = PBXBuildFile; fileRef = 115227C92AB1C6F400E0216E /* Globals.swift */; };
		115227CD2AB1D45600E0216E /* ApiHandler.swift in Sources */ = {isa = PBXBuildFile; fileRef = 115227CC2AB1D45600E0216E /* ApiHandler.swift */; };
		115342252AB31A4B00AB0543 /* AllSongsVC.swift in Sources */ = {isa = PBXBuildFile; fileRef = 115342242AB31A4B00AB0543 /* AllSongsVC.swift */; };
		1156E0392AADF1AF00C6AC5A /* Song.swift in Sources */ = {isa = PBXBuildFile; fileRef = 1156E0382AADF1AF00C6AC5A /* Song.swift */; };
		11723CDC2AB8516A00189887 /* SongsCollectionView.swift in Sources */ = {isa = PBXBuildFile; fileRef = 11723CDB2AB8516A00189887 /* SongsCollectionView.swift */; };
		11723CDE2AB851B100189887 /* SongsCollectionViewCell.swift in Sources */ = {isa = PBXBuildFile; fileRef = 11723CDD2AB851B100189887 /* SongsCollectionViewCell.swift */; };
		1172C3872AB47602008496E1 /* FirebaseManager.swift in Sources */ = {isa = PBXBuildFile; fileRef = 1172C3862AB47602008496E1 /* FirebaseManager.swift */; };
		1172C3892AB47854008496E1 /* GoogleService-Info.plist in Resources */ = {isa = PBXBuildFile; fileRef = 1172C3882AB47854008496E1 /* GoogleService-Info.plist */; };
		1172C38D2AB47E5E008496E1 /* GoogleService-Info.plist in Resources */ = {isa = PBXBuildFile; fileRef = 1172C38C2AB47E5E008496E1 /* GoogleService-Info.plist */; };
		11B2A4962AAA0CCB00A7F350 /* AppDelegate.swift in Sources */ = {isa = PBXBuildFile; fileRef = 11B2A4952AAA0CCB00A7F350 /* AppDelegate.swift */; };
		11B2A49A2AAA0CCB00A7F350 /* Onboarding.swift in Sources */ = {isa = PBXBuildFile; fileRef = 11B2A4992AAA0CCB00A7F350 /* Onboarding.swift */; };
		11B2A4A02AAA0CCB00A7F350 /* AIVoiceChanger.xcdatamodeld in Sources */ = {isa = PBXBuildFile; fileRef = 11B2A49E2AAA0CCB00A7F350 /* AIVoiceChanger.xcdatamodeld */; };
		11B2A4A22AAA0CCB00A7F350 /* Assets.xcassets in Resources */ = {isa = PBXBuildFile; fileRef = 11B2A4A12AAA0CCB00A7F350 /* Assets.xcassets */; };
		11B2A4AE2AAA0DCD00A7F350 /* NeonSDK in Frameworks */ = {isa = PBXBuildFile; productRef = 11B2A4AD2AAA0DCD00A7F350 /* NeonSDK */; };
		11B2A4B02AAA0E3200A7F350 /* PaywallVC.swift in Sources */ = {isa = PBXBuildFile; fileRef = 11B2A4AF2AAA0E3200A7F350 /* PaywallVC.swift */; };
		11B2A4B22AAA0E4000A7F350 /* FirstHomeVC.swift in Sources */ = {isa = PBXBuildFile; fileRef = 11B2A4B12AAA0E4000A7F350 /* FirstHomeVC.swift */; };
/* End PBXBuildFile section */

/* Begin PBXFileReference section */
		1127757E2AAEFD2600AAEDCB /* Configuration.storekit */ = {isa = PBXFileReference; lastKnownFileType = text; path = Configuration.storekit; sourceTree = "<group>"; };
		1127757F2AAEFDEE00AAEDCB /* StoreKitTestCertificate.cer */ = {isa = PBXFileReference; lastKnownFileType = file; path = StoreKitTestCertificate.cer; sourceTree = "<group>"; };
		112775812AAF001200AAEDCB /* StoreKit.framework */ = {isa = PBXFileReference; lastKnownFileType = wrapper.framework; name = StoreKit.framework; path = System/Library/Frameworks/StoreKit.framework; sourceTree = SDKROOT; };
		113848CF2AAB176900D5282B /* CustomGradientButton.swift */ = {isa = PBXFileReference; lastKnownFileType = sourcecode.swift; path = CustomGradientButton.swift; sourceTree = "<group>"; };
		113848D12AAB348800D5282B /* SecondHomeVC.swift */ = {isa = PBXFileReference; lastKnownFileType = sourcecode.swift; path = SecondHomeVC.swift; sourceTree = "<group>"; };
		113DFF4C2AAC72850002F7C2 /* SongGenerationVC.swift */ = {isa = PBXFileReference; lastKnownFileType = sourcecode.swift; path = SongGenerationVC.swift; sourceTree = "<group>"; };
		113DFFCC2AAD0C66009F6EE6 /* SettingsVC.swift */ = {isa = PBXFileReference; lastKnownFileType = sourcecode.swift; path = SettingsVC.swift; sourceTree = "<group>"; };
		113DFFCE2AAD1F77009F6EE6 /* SongPlayingVC.swift */ = {isa = PBXFileReference; lastKnownFileType = sourcecode.swift; path = SongPlayingVC.swift; sourceTree = "<group>"; };
		113DFFD12AAD2273009F6EE6 /* AVFoundation.framework */ = {isa = PBXFileReference; lastKnownFileType = wrapper.framework; name = AVFoundation.framework; path = System/Library/Frameworks/AVFoundation.framework; sourceTree = SDKROOT; };
		115227C22AB1A73B00E0216E /* VoicesModal.swift */ = {isa = PBXFileReference; lastKnownFileType = sourcecode.swift; path = VoicesModal.swift; sourceTree = "<group>"; };
		115227C42AB1A80100E0216E /* VoicesCollectionView.swift */ = {isa = PBXFileReference; lastKnownFileType = sourcecode.swift; path = VoicesCollectionView.swift; sourceTree = "<group>"; };
		115227C62AB1A8A200E0216E /* VoicesCollectionViewCell.swift */ = {isa = PBXFileReference; lastKnownFileType = sourcecode.swift; path = VoicesCollectionViewCell.swift; sourceTree = "<group>"; };
		115227C92AB1C6F400E0216E /* Globals.swift */ = {isa = PBXFileReference; lastKnownFileType = sourcecode.swift; path = Globals.swift; sourceTree = "<group>"; };
		115227CC2AB1D45600E0216E /* ApiHandler.swift */ = {isa = PBXFileReference; lastKnownFileType = sourcecode.swift; path = ApiHandler.swift; sourceTree = "<group>"; };
		115342242AB31A4B00AB0543 /* AllSongsVC.swift */ = {isa = PBXFileReference; lastKnownFileType = sourcecode.swift; path = AllSongsVC.swift; sourceTree = "<group>"; };
		1156E0382AADF1AF00C6AC5A /* Song.swift */ = {isa = PBXFileReference; lastKnownFileType = sourcecode.swift; path = Song.swift; sourceTree = "<group>"; };
		11723CDB2AB8516A00189887 /* SongsCollectionView.swift */ = {isa = PBXFileReference; lastKnownFileType = sourcecode.swift; path = SongsCollectionView.swift; sourceTree = "<group>"; };
		11723CDD2AB851B100189887 /* SongsCollectionViewCell.swift */ = {isa = PBXFileReference; lastKnownFileType = sourcecode.swift; path = SongsCollectionViewCell.swift; sourceTree = "<group>"; };
		1172C3862AB47602008496E1 /* FirebaseManager.swift */ = {isa = PBXFileReference; lastKnownFileType = sourcecode.swift; path = FirebaseManager.swift; sourceTree = "<group>"; };
		1172C3882AB47854008496E1 /* GoogleService-Info.plist */ = {isa = PBXFileReference; fileEncoding = 4; lastKnownFileType = text.plist.xml; name = "GoogleService-Info.plist"; path = "../../Downloads/GoogleService-Info.plist"; sourceTree = "<group>"; };
		1172C38C2AB47E5E008496E1 /* GoogleService-Info.plist */ = {isa = PBXFileReference; fileEncoding = 4; lastKnownFileType = text.plist.xml; name = "GoogleService-Info.plist"; path = "../../../Downloads/GoogleService-Info.plist"; sourceTree = "<group>"; };
		11B2A4922AAA0CCB00A7F350 /* AIVoiceChanger.app */ = {isa = PBXFileReference; explicitFileType = wrapper.application; includeInIndex = 0; path = AIVoiceChanger.app; sourceTree = BUILT_PRODUCTS_DIR; };
		11B2A4952AAA0CCB00A7F350 /* AppDelegate.swift */ = {isa = PBXFileReference; lastKnownFileType = sourcecode.swift; path = AppDelegate.swift; sourceTree = "<group>"; };
		11B2A4992AAA0CCB00A7F350 /* Onboarding.swift */ = {isa = PBXFileReference; lastKnownFileType = sourcecode.swift; path = Onboarding.swift; sourceTree = "<group>"; };
		11B2A49F2AAA0CCB00A7F350 /* AIVoiceChanger.xcdatamodel */ = {isa = PBXFileReference; lastKnownFileType = wrapper.xcdatamodel; path = AIVoiceChanger.xcdatamodel; sourceTree = "<group>"; };
		11B2A4A12AAA0CCB00A7F350 /* Assets.xcassets */ = {isa = PBXFileReference; lastKnownFileType = folder.assetcatalog; path = Assets.xcassets; sourceTree = "<group>"; };
		11B2A4A62AAA0CCB00A7F350 /* Info.plist */ = {isa = PBXFileReference; lastKnownFileType = text.plist.xml; path = Info.plist; sourceTree = "<group>"; };
		11B2A4AF2AAA0E3200A7F350 /* PaywallVC.swift */ = {isa = PBXFileReference; lastKnownFileType = sourcecode.swift; path = PaywallVC.swift; sourceTree = "<group>"; };
		11B2A4B12AAA0E4000A7F350 /* FirstHomeVC.swift */ = {isa = PBXFileReference; lastKnownFileType = sourcecode.swift; path = FirstHomeVC.swift; sourceTree = "<group>"; };
/* End PBXFileReference section */

/* Begin PBXFrameworksBuildPhase section */
		11B2A48F2AAA0CCB00A7F350 /* Frameworks */ = {
			isa = PBXFrameworksBuildPhase;
			buildActionMask = 2147483647;
			files = (
				112775822AAF001200AAEDCB /* StoreKit.framework in Frameworks */,
				115227C12AB19E8A00E0216E /* Alamofire in Frameworks */,
				113DFFD22AAD2273009F6EE6 /* AVFoundation.framework in Frameworks */,
				11B2A4AE2AAA0DCD00A7F350 /* NeonSDK in Frameworks */,
			);
			runOnlyForDeploymentPostprocessing = 0;
		};
/* End PBXFrameworksBuildPhase section */

/* Begin PBXGroup section */
		1127757C2AAEFAEF00AAEDCB /* Controller */ = {
			isa = PBXGroup;
			children = (
				11B2A4B12AAA0E4000A7F350 /* FirstHomeVC.swift */,
				113848D12AAB348800D5282B /* SecondHomeVC.swift */,
				113DFFCC2AAD0C66009F6EE6 /* SettingsVC.swift */,
				115342242AB31A4B00AB0543 /* AllSongsVC.swift */,
			);
			path = Controller;
			sourceTree = "<group>";
		};
		1127757D2AAEFB1500AAEDCB /* Song */ = {
			isa = PBXGroup;
			children = (
				113DFF4C2AAC72850002F7C2 /* SongGenerationVC.swift */,
				113DFFCE2AAD1F77009F6EE6 /* SongPlayingVC.swift */,
			);
			path = Song;
			sourceTree = "<group>";
		};
		113DFFD02AAD2273009F6EE6 /* Frameworks */ = {
			isa = PBXGroup;
			children = (
				1172C3882AB47854008496E1 /* GoogleService-Info.plist */,
				112775812AAF001200AAEDCB /* StoreKit.framework */,
				113DFFD12AAD2273009F6EE6 /* AVFoundation.framework */,
			);
			name = Frameworks;
			sourceTree = "<group>";
		};
		115227C82AB1C6E500E0216E /* Globals */ = {
			isa = PBXGroup;
			children = (
				115227C92AB1C6F400E0216E /* Globals.swift */,
			);
			path = Globals;
			sourceTree = "<group>";
		};
		115227CB2AB1D43D00E0216E /* Network */ = {
			isa = PBXGroup;
			children = (
				115227CC2AB1D45600E0216E /* ApiHandler.swift */,
				1172C3862AB47602008496E1 /* FirebaseManager.swift */,
			);
			path = Network;
			sourceTree = "<group>";
		};
		115227D02AB2194400E0216E /* VoicesColllectionView */ = {
			isa = PBXGroup;
			children = (
				115227C42AB1A80100E0216E /* VoicesCollectionView.swift */,
				115227C62AB1A8A200E0216E /* VoicesCollectionViewCell.swift */,
			);
			path = VoicesColllectionView;
			sourceTree = "<group>";
		};
		11723CDF2AB852E100189887 /* SongsCollectionView */ = {
			isa = PBXGroup;
			children = (
				11723CDB2AB8516A00189887 /* SongsCollectionView.swift */,
				11723CDD2AB851B100189887 /* SongsCollectionViewCell.swift */,
			);
			path = SongsCollectionView;
			sourceTree = "<group>";
		};
		11A283A42AB471F900BE06D7 /* Modals */ = {
			isa = PBXGroup;
			children = (
				115227C22AB1A73B00E0216E /* VoicesModal.swift */,
				1156E0382AADF1AF00C6AC5A /* Song.swift */,
			);
			path = Modals;
			sourceTree = "<group>";
		};
		11B2A4892AAA0CCB00A7F350 = {
			isa = PBXGroup;
			children = (
				11B2A4942AAA0CCB00A7F350 /* AIVoiceChanger */,
				11B2A4932AAA0CCB00A7F350 /* Products */,
				113DFFD02AAD2273009F6EE6 /* Frameworks */,
			);
			sourceTree = "<group>";
		};
		11B2A4932AAA0CCB00A7F350 /* Products */ = {
			isa = PBXGroup;
			children = (
				11B2A4922AAA0CCB00A7F350 /* AIVoiceChanger.app */,
			);
			name = Products;
			sourceTree = "<group>";
		};
		11B2A4942AAA0CCB00A7F350 /* AIVoiceChanger */ = {
			isa = PBXGroup;
			children = (
				11A283A42AB471F900BE06D7 /* Modals */,
				115227CB2AB1D43D00E0216E /* Network */,
				115227C82AB1C6E500E0216E /* Globals */,
				11B2A4952AAA0CCB00A7F350 /* AppDelegate.swift */,
				11B2A4992AAA0CCB00A7F350 /* Onboarding.swift */,
				11B2A4AF2AAA0E3200A7F350 /* PaywallVC.swift */,
				1127757C2AAEFAEF00AAEDCB /* Controller */,
				1127757D2AAEFB1500AAEDCB /* Song */,
				115227D02AB2194400E0216E /* VoicesColllectionView */,
				11723CDF2AB852E100189887 /* SongsCollectionView */,
				11B2A49E2AAA0CCB00A7F350 /* AIVoiceChanger.xcdatamodeld */,
				11B2A4A12AAA0CCB00A7F350 /* Assets.xcassets */,
				1127757E2AAEFD2600AAEDCB /* Configuration.storekit */,
				11B2A4A62AAA0CCB00A7F350 /* Info.plist */,
				1172C38C2AB47E5E008496E1 /* GoogleService-Info.plist */,
				1127757F2AAEFDEE00AAEDCB /* StoreKitTestCertificate.cer */,
				113848CF2AAB176900D5282B /* CustomGradientButton.swift */,
			);
			path = AIVoiceChanger;
			sourceTree = "<group>";
		};
/* End PBXGroup section */

/* Begin PBXNativeTarget section */
		11B2A4912AAA0CCB00A7F350 /* AIVoiceChanger */ = {
			isa = PBXNativeTarget;
			buildConfigurationList = 11B2A4A92AAA0CCB00A7F350 /* Build configuration list for PBXNativeTarget "AIVoiceChanger" */;
			buildPhases = (
				11B2A48E2AAA0CCB00A7F350 /* Sources */,
				11B2A48F2AAA0CCB00A7F350 /* Frameworks */,
				11B2A4902AAA0CCB00A7F350 /* Resources */,
			);
			buildRules = (
			);
			dependencies = (
			);
			name = AIVoiceChanger;
			packageProductDependencies = (
				11B2A4AD2AAA0DCD00A7F350 /* NeonSDK */,
				115227C02AB19E8A00E0216E /* Alamofire */,
			);
			productName = AIVoiceChanger;
			productReference = 11B2A4922AAA0CCB00A7F350 /* AIVoiceChanger.app */;
			productType = "com.apple.product-type.application";
		};
/* End PBXNativeTarget section */

/* Begin PBXProject section */
		11B2A48A2AAA0CCB00A7F350 /* Project object */ = {
			isa = PBXProject;
			attributes = {
				BuildIndependentTargetsInParallel = 1;
				LastSwiftUpdateCheck = 1430;
				LastUpgradeCheck = 1430;
				TargetAttributes = {
					11B2A4912AAA0CCB00A7F350 = {
						CreatedOnToolsVersion = 14.3.1;
					};
				};
			};
			buildConfigurationList = 11B2A48D2AAA0CCB00A7F350 /* Build configuration list for PBXProject "AIVoiceChanger" */;
			compatibilityVersion = "Xcode 14.0";
			developmentRegion = en;
			hasScannedForEncodings = 0;
			knownRegions = (
				en,
				Base,
			);
			mainGroup = 11B2A4892AAA0CCB00A7F350;
			packageReferences = (
				11B2A4AC2AAA0DCD00A7F350 /* XCRemoteSwiftPackageReference "neon-sdk" */,
				115227BF2AB19E8A00E0216E /* XCRemoteSwiftPackageReference "Alamofire" */,
			);
			productRefGroup = 11B2A4932AAA0CCB00A7F350 /* Products */;
			projectDirPath = "";
			projectRoot = "";
			targets = (
				11B2A4912AAA0CCB00A7F350 /* AIVoiceChanger */,
			);
		};
/* End PBXProject section */

/* Begin PBXResourcesBuildPhase section */
		11B2A4902AAA0CCB00A7F350 /* Resources */ = {
			isa = PBXResourcesBuildPhase;
			buildActionMask = 2147483647;
			files = (
				11B2A4A22AAA0CCB00A7F350 /* Assets.xcassets in Resources */,
				1172C38D2AB47E5E008496E1 /* GoogleService-Info.plist in Resources */,
				112775802AAEFDEE00AAEDCB /* StoreKitTestCertificate.cer in Resources */,
				1172C3892AB47854008496E1 /* GoogleService-Info.plist in Resources */,
			);
			runOnlyForDeploymentPostprocessing = 0;
		};
/* End PBXResourcesBuildPhase section */

/* Begin PBXSourcesBuildPhase section */
		11B2A48E2AAA0CCB00A7F350 /* Sources */ = {
			isa = PBXSourcesBuildPhase;
			buildActionMask = 2147483647;
			files = (
				115227CD2AB1D45600E0216E /* ApiHandler.swift in Sources */,
				11B2A49A2AAA0CCB00A7F350 /* Onboarding.swift in Sources */,
				113848D02AAB176900D5282B /* CustomGradientButton.swift in Sources */,
				115342252AB31A4B00AB0543 /* AllSongsVC.swift in Sources */,
				1156E0392AADF1AF00C6AC5A /* Song.swift in Sources */,
				11723CDC2AB8516A00189887 /* SongsCollectionView.swift in Sources */,
				113DFF4D2AAC72860002F7C2 /* SongGenerationVC.swift in Sources */,
				115227C72AB1A8A200E0216E /* VoicesCollectionViewCell.swift in Sources */,
				115227C52AB1A80100E0216E /* VoicesCollectionView.swift in Sources */,
				11B2A4B22AAA0E4000A7F350 /* FirstHomeVC.swift in Sources */,
				11B2A4B02AAA0E3200A7F350 /* PaywallVC.swift in Sources */,
				11723CDE2AB851B100189887 /* SongsCollectionViewCell.swift in Sources */,
				11B2A4962AAA0CCB00A7F350 /* AppDelegate.swift in Sources */,
				113DFFCF2AAD1F77009F6EE6 /* SongPlayingVC.swift in Sources */,
				1172C3872AB47602008496E1 /* FirebaseManager.swift in Sources */,
				11B2A4A02AAA0CCB00A7F350 /* AIVoiceChanger.xcdatamodeld in Sources */,
				115227C32AB1A73B00E0216E /* VoicesModal.swift in Sources */,
				115227CA2AB1C6F400E0216E /* Globals.swift in Sources */,
				113848D22AAB348800D5282B /* SecondHomeVC.swift in Sources */,
				113DFFCD2AAD0C66009F6EE6 /* SettingsVC.swift in Sources */,
			);
			runOnlyForDeploymentPostprocessing = 0;
		};
/* End PBXSourcesBuildPhase section */

/* Begin XCBuildConfiguration section */
		11B2A4A72AAA0CCB00A7F350 /* Debug */ = {
			isa = XCBuildConfiguration;
			buildSettings = {
				ALWAYS_SEARCH_USER_PATHS = NO;
				CLANG_ANALYZER_NONNULL = YES;
				CLANG_ANALYZER_NUMBER_OBJECT_CONVERSION = YES_AGGRESSIVE;
				CLANG_CXX_LANGUAGE_STANDARD = "gnu++20";
				CLANG_ENABLE_MODULES = YES;
				CLANG_ENABLE_OBJC_ARC = YES;
				CLANG_ENABLE_OBJC_WEAK = YES;
				CLANG_WARN_BLOCK_CAPTURE_AUTORELEASING = YES;
				CLANG_WARN_BOOL_CONVERSION = YES;
				CLANG_WARN_COMMA = YES;
				CLANG_WARN_CONSTANT_CONVERSION = YES;
				CLANG_WARN_DEPRECATED_OBJC_IMPLEMENTATIONS = YES;
				CLANG_WARN_DIRECT_OBJC_ISA_USAGE = YES_ERROR;
				CLANG_WARN_DOCUMENTATION_COMMENTS = YES;
				CLANG_WARN_EMPTY_BODY = YES;
				CLANG_WARN_ENUM_CONVERSION = YES;
				CLANG_WARN_INFINITE_RECURSION = YES;
				CLANG_WARN_INT_CONVERSION = YES;
				CLANG_WARN_NON_LITERAL_NULL_CONVERSION = YES;
				CLANG_WARN_OBJC_IMPLICIT_RETAIN_SELF = YES;
				CLANG_WARN_OBJC_LITERAL_CONVERSION = YES;
				CLANG_WARN_OBJC_ROOT_CLASS = YES_ERROR;
				CLANG_WARN_QUOTED_INCLUDE_IN_FRAMEWORK_HEADER = YES;
				CLANG_WARN_RANGE_LOOP_ANALYSIS = YES;
				CLANG_WARN_STRICT_PROTOTYPES = YES;
				CLANG_WARN_SUSPICIOUS_MOVE = YES;
				CLANG_WARN_UNGUARDED_AVAILABILITY = YES_AGGRESSIVE;
				CLANG_WARN_UNREACHABLE_CODE = YES;
				CLANG_WARN__DUPLICATE_METHOD_MATCH = YES;
				COPY_PHASE_STRIP = NO;
				DEBUG_INFORMATION_FORMAT = dwarf;
				ENABLE_STRICT_OBJC_MSGSEND = YES;
				ENABLE_TESTABILITY = YES;
				GCC_C_LANGUAGE_STANDARD = gnu11;
				GCC_DYNAMIC_NO_PIC = NO;
				GCC_NO_COMMON_BLOCKS = YES;
				GCC_OPTIMIZATION_LEVEL = 0;
				GCC_PREPROCESSOR_DEFINITIONS = (
					"DEBUG=1",
					"$(inherited)",
				);
				GCC_WARN_64_TO_32_BIT_CONVERSION = YES;
				GCC_WARN_ABOUT_RETURN_TYPE = YES_ERROR;
				GCC_WARN_UNDECLARED_SELECTOR = YES;
				GCC_WARN_UNINITIALIZED_AUTOS = YES_AGGRESSIVE;
				GCC_WARN_UNUSED_FUNCTION = YES;
				GCC_WARN_UNUSED_VARIABLE = YES;
				IPHONEOS_DEPLOYMENT_TARGET = 16.4;
				MTL_ENABLE_DEBUG_INFO = INCLUDE_SOURCE;
				MTL_FAST_MATH = YES;
				ONLY_ACTIVE_ARCH = YES;
				SDKROOT = iphoneos;
				SWIFT_ACTIVE_COMPILATION_CONDITIONS = DEBUG;
				SWIFT_OPTIMIZATION_LEVEL = "-Onone";
			};
			name = Debug;
		};
		11B2A4A82AAA0CCB00A7F350 /* Release */ = {
			isa = XCBuildConfiguration;
			buildSettings = {
				ALWAYS_SEARCH_USER_PATHS = NO;
				CLANG_ANALYZER_NONNULL = YES;
				CLANG_ANALYZER_NUMBER_OBJECT_CONVERSION = YES_AGGRESSIVE;
				CLANG_CXX_LANGUAGE_STANDARD = "gnu++20";
				CLANG_ENABLE_MODULES = YES;
				CLANG_ENABLE_OBJC_ARC = YES;
				CLANG_ENABLE_OBJC_WEAK = YES;
				CLANG_WARN_BLOCK_CAPTURE_AUTORELEASING = YES;
				CLANG_WARN_BOOL_CONVERSION = YES;
				CLANG_WARN_COMMA = YES;
				CLANG_WARN_CONSTANT_CONVERSION = YES;
				CLANG_WARN_DEPRECATED_OBJC_IMPLEMENTATIONS = YES;
				CLANG_WARN_DIRECT_OBJC_ISA_USAGE = YES_ERROR;
				CLANG_WARN_DOCUMENTATION_COMMENTS = YES;
				CLANG_WARN_EMPTY_BODY = YES;
				CLANG_WARN_ENUM_CONVERSION = YES;
				CLANG_WARN_INFINITE_RECURSION = YES;
				CLANG_WARN_INT_CONVERSION = YES;
				CLANG_WARN_NON_LITERAL_NULL_CONVERSION = YES;
				CLANG_WARN_OBJC_IMPLICIT_RETAIN_SELF = YES;
				CLANG_WARN_OBJC_LITERAL_CONVERSION = YES;
				CLANG_WARN_OBJC_ROOT_CLASS = YES_ERROR;
				CLANG_WARN_QUOTED_INCLUDE_IN_FRAMEWORK_HEADER = YES;
				CLANG_WARN_RANGE_LOOP_ANALYSIS = YES;
				CLANG_WARN_STRICT_PROTOTYPES = YES;
				CLANG_WARN_SUSPICIOUS_MOVE = YES;
				CLANG_WARN_UNGUARDED_AVAILABILITY = YES_AGGRESSIVE;
				CLANG_WARN_UNREACHABLE_CODE = YES;
				CLANG_WARN__DUPLICATE_METHOD_MATCH = YES;
				COPY_PHASE_STRIP = NO;
				DEBUG_INFORMATION_FORMAT = "dwarf-with-dsym";
				ENABLE_NS_ASSERTIONS = NO;
				ENABLE_STRICT_OBJC_MSGSEND = YES;
				GCC_C_LANGUAGE_STANDARD = gnu11;
				GCC_NO_COMMON_BLOCKS = YES;
				GCC_WARN_64_TO_32_BIT_CONVERSION = YES;
				GCC_WARN_ABOUT_RETURN_TYPE = YES_ERROR;
				GCC_WARN_UNDECLARED_SELECTOR = YES;
				GCC_WARN_UNINITIALIZED_AUTOS = YES_AGGRESSIVE;
				GCC_WARN_UNUSED_FUNCTION = YES;
				GCC_WARN_UNUSED_VARIABLE = YES;
				IPHONEOS_DEPLOYMENT_TARGET = 16.4;
				MTL_ENABLE_DEBUG_INFO = NO;
				MTL_FAST_MATH = YES;
				SDKROOT = iphoneos;
				SWIFT_COMPILATION_MODE = wholemodule;
				SWIFT_OPTIMIZATION_LEVEL = "-O";
				VALIDATE_PRODUCT = YES;
			};
			name = Release;
		};
		11B2A4AA2AAA0CCB00A7F350 /* Debug */ = {
			isa = XCBuildConfiguration;
			buildSettings = {
				ASSETCATALOG_COMPILER_APPICON_NAME = AppIcon;
				ASSETCATALOG_COMPILER_GLOBAL_ACCENT_COLOR_NAME = AccentColor;
				CODE_SIGN_STYLE = Automatic;
				CURRENT_PROJECT_VERSION = 1;
				DEVELOPMENT_TEAM = "";
				GENERATE_INFOPLIST_FILE = YES;
				INFOPLIST_FILE = AIVoiceChanger/Info.plist;
				INFOPLIST_KEY_UIApplicationSupportsIndirectInputEvents = YES;
				INFOPLIST_KEY_UILaunchStoryboardName = LaunchScreen;
				INFOPLIST_KEY_UISupportedInterfaceOrientations_iPad = "UIInterfaceOrientationPortrait UIInterfaceOrientationPortraitUpsideDown UIInterfaceOrientationLandscapeLeft UIInterfaceOrientationLandscapeRight";
				INFOPLIST_KEY_UISupportedInterfaceOrientations_iPhone = "UIInterfaceOrientationPortrait UIInterfaceOrientationLandscapeLeft UIInterfaceOrientationLandscapeRight";
				LD_RUNPATH_SEARCH_PATHS = (
					"$(inherited)",
					"@executable_path/Frameworks",
				);
				MARKETING_VERSION = 1.0;
				PRODUCT_BUNDLE_IDENTIFIER = com.education.Swiftss;
				PRODUCT_NAME = "$(TARGET_NAME)";
				SWIFT_EMIT_LOC_STRINGS = YES;
				SWIFT_VERSION = 5.0;
				TARGETED_DEVICE_FAMILY = "1,2";
			};
			name = Debug;
		};
		11B2A4AB2AAA0CCB00A7F350 /* Release */ = {
			isa = XCBuildConfiguration;
			buildSettings = {
				ASSETCATALOG_COMPILER_APPICON_NAME = AppIcon;
				ASSETCATALOG_COMPILER_GLOBAL_ACCENT_COLOR_NAME = AccentColor;
				CODE_SIGN_STYLE = Automatic;
				CURRENT_PROJECT_VERSION = 1;
				DEVELOPMENT_TEAM = "";
				GENERATE_INFOPLIST_FILE = YES;
				INFOPLIST_FILE = AIVoiceChanger/Info.plist;
				INFOPLIST_KEY_UIApplicationSupportsIndirectInputEvents = YES;
				INFOPLIST_KEY_UILaunchStoryboardName = LaunchScreen;
				INFOPLIST_KEY_UISupportedInterfaceOrientations_iPad = "UIInterfaceOrientationPortrait UIInterfaceOrientationPortraitUpsideDown UIInterfaceOrientationLandscapeLeft UIInterfaceOrientationLandscapeRight";
				INFOPLIST_KEY_UISupportedInterfaceOrientations_iPhone = "UIInterfaceOrientationPortrait UIInterfaceOrientationLandscapeLeft UIInterfaceOrientationLandscapeRight";
				LD_RUNPATH_SEARCH_PATHS = (
					"$(inherited)",
					"@executable_path/Frameworks",
				);
				MARKETING_VERSION = 1.0;
				PRODUCT_BUNDLE_IDENTIFIER = com.education.Swiftss;
				PRODUCT_NAME = "$(TARGET_NAME)";
				SWIFT_EMIT_LOC_STRINGS = YES;
				SWIFT_VERSION = 5.0;
				TARGETED_DEVICE_FAMILY = "1,2";
			};
			name = Release;
		};
/* End XCBuildConfiguration section */

/* Begin XCConfigurationList section */
		11B2A48D2AAA0CCB00A7F350 /* Build configuration list for PBXProject "AIVoiceChanger" */ = {
			isa = XCConfigurationList;
			buildConfigurations = (
				11B2A4A72AAA0CCB00A7F350 /* Debug */,
				11B2A4A82AAA0CCB00A7F350 /* Release */,
			);
			defaultConfigurationIsVisible = 0;
			defaultConfigurationName = Release;
		};
		11B2A4A92AAA0CCB00A7F350 /* Build configuration list for PBXNativeTarget "AIVoiceChanger" */ = {
			isa = XCConfigurationList;
			buildConfigurations = (
				11B2A4AA2AAA0CCB00A7F350 /* Debug */,
				11B2A4AB2AAA0CCB00A7F350 /* Release */,
			);
			defaultConfigurationIsVisible = 0;
			defaultConfigurationName = Release;
		};
/* End XCConfigurationList section */

/* Begin XCRemoteSwiftPackageReference section */
		115227BF2AB19E8A00E0216E /* XCRemoteSwiftPackageReference "Alamofire" */ = {
			isa = XCRemoteSwiftPackageReference;
			repositoryURL = "https://github.com/Alamofire/Alamofire.git";
			requirement = {
				kind = upToNextMajorVersion;
				minimumVersion = 5.0.0;
			};
		};
		11B2A4AC2AAA0DCD00A7F350 /* XCRemoteSwiftPackageReference "neon-sdk" */ = {
			isa = XCRemoteSwiftPackageReference;
			repositoryURL = "https://github.com/neon-apps/neon-sdk.git";
			requirement = {
				branch = main;
				kind = branch;
			};
		};
/* End XCRemoteSwiftPackageReference section */

/* Begin XCSwiftPackageProductDependency section */
		115227C02AB19E8A00E0216E /* Alamofire */ = {
			isa = XCSwiftPackageProductDependency;
			package = 115227BF2AB19E8A00E0216E /* XCRemoteSwiftPackageReference "Alamofire" */;
			productName = Alamofire;
		};
		11B2A4AD2AAA0DCD00A7F350 /* NeonSDK */ = {
			isa = XCSwiftPackageProductDependency;
			package = 11B2A4AC2AAA0DCD00A7F350 /* XCRemoteSwiftPackageReference "neon-sdk" */;
			productName = NeonSDK;
		};
/* End XCSwiftPackageProductDependency section */

/* Begin XCVersionGroup section */
		11B2A49E2AAA0CCB00A7F350 /* AIVoiceChanger.xcdatamodeld */ = {
			isa = XCVersionGroup;
			children = (
				11B2A49F2AAA0CCB00A7F350 /* AIVoiceChanger.xcdatamodel */,
			);
			currentVersion = 11B2A49F2AAA0CCB00A7F350 /* AIVoiceChanger.xcdatamodel */;
			path = AIVoiceChanger.xcdatamodeld;
			sourceTree = "<group>";
			versionGroupType = wrapper.xcdatamodel;
		};
/* End XCVersionGroup section */
	};
	rootObject = 11B2A48A2AAA0CCB00A7F350 /* Project object */;
}
